
Microsoft Visual Studio Solution File, Format Version 12.00
# Visual Studio Version 17
VisualStudioVersion = 17.4.33205.214
MinimumVisualStudioVersion = 10.0.40219.1
Project("{FAE04EC0-301F-11D3-BF4B-00C04F79EFBC}") = "TelegramBot", "TelegramBot.csproj", "{9C2F4D76-D0FA-470A-9CD6-F0E423A21A34}"
EndProject
Global
	GlobalSection(SolutionConfigurationPlatforms) = preSolution
		Debug|Any CPU = Debug|Any CPU
		Release|Any CPU = Release|Any CPU
	EndGlobalSection
	GlobalSection(ProjectConfigurationPlatforms) = postSolution
		{9C2F4D76-D0FA-470A-9CD6-F0E423A21A34}.Debug|Any CPU.ActiveCfg = Debug|Any CPU
		{9C2F4D76-D0FA-470A-9CD6-F0E423A21A34}.Debug|Any CPU.Build.0 = Debug|Any CPU
		{9C2F4D76-D0FA-470A-9CD6-F0E423A21A34}.Release|Any CPU.ActiveCfg = Release|Any CPU
		{9C2F4D76-D0FA-470A-9CD6-F0E423A21A34}.Release|Any CPU.Build.0 = Release|Any CPU
	EndGlobalSection
	GlobalSection(SolutionProperties) = preSolution
		HideSolutionNode = FALSE
	EndGlobalSection
	GlobalSection(ExtensibilityGlobals) = postSolution
		SolutionGuid = {525555B3-8E16-4EAC-A95E-66C986C18FD8}
	EndGlobalSection
EndGlobal
